<?xml version="1.0" encoding="utf-8"?>
<Project ToolsVersion="4.0" xmlns="http://schemas.microsoft.com/developer/msbuild/2003">
  <ItemGroup>
    <Filter Include="源文件">
      <UniqueIdentifier>{4FC737F1-C7A5-4376-A066-2A32D752A2FF}</UniqueIdentifier>
      <Extensions>cpp;c;cc;cxx;c++;cppm;ixx;def;odl;idl;hpj;bat;asm;asmx</Extensions>
    </Filter>
    <Filter Include="头文件">
      <UniqueIdentifier>{93995380-89BD-4b04-88EB-625FBE52EBFB}</UniqueIdentifier>
      <Extensions>h;hh;hpp;hxx;h++;hm;inl;inc;ipp;xsd</Extensions>
    </Filter>
    <Filter Include="资源文件">
      <UniqueIdentifier>{67DA6AB6-F800-4c08-8B7A-83BB121AAD01}</UniqueIdentifier>
      <Extensions>rc;ico;cur;bmp;dlg;rc2;rct;bin;rgs;gif;jpg;jpeg;jpe;resx;tiff;tif;png;wav;mfcribbon-ms</Extensions>
    </Filter>
    <Filter Include="optimizer">
      <UniqueIdentifier>{23781891-f557-4977-9396-dd9a746596b5}</UniqueIdentifier>
    </Filter>
    <Filter Include="executor">
      <UniqueIdentifier>{07288515-4f57-4bab-b0c5-a313c4e3c2b1}</UniqueIdentifier>
    </Filter>
    <Filter Include="parser">
      <UniqueIdentifier>{2ca34379-fda6-4b50-ba80-dcb0731ca617}</UniqueIdentifier>
    </Filter>
    <Filter Include="transaction">
      <UniqueIdentifier>{c63a8f83-dc32-42cc-b7f5-8d38ab62e918}</UniqueIdentifier>
    </Filter>
  </ItemGroup>
  <ItemGroup>
    <ClInclude Include="global.h">
      <Filter>头文件</Filter>
    </ClInclude>
    <ClInclude Include="Subsystem1.h">
      <Filter>头文件</Filter>
    </ClInclude>
    <ClInclude Include="parser\parser.h">
      <Filter>parser</Filter>
    </ClInclude>
    <ClInclude Include="parser\parser_common.h">
      <Filter>parser</Filter>
    </ClInclude>
    <ClInclude Include="parser\parser_interp.h">
      <Filter>parser</Filter>
    </ClInclude>
    <ClInclude Include="parser\parser_lexer.h">
      <Filter>parser</Filter>
    </ClInclude>
    <ClInclude Include="parser\parser_node.h">
      <Filter>parser</Filter>
    </ClInclude>
    <ClInclude Include="parser\parser_syntaxtree.h">
      <Filter>parser</Filter>
    </ClInclude>
    <ClInclude Include="parser\parser_token.h">
      <Filter>parser</Filter>
    </ClInclude>
    <ClInclude Include="parser\redbase.h">
      <Filter>parser</Filter>
    </ClInclude>
    <ClInclude Include="optimizer\optimizer.h">
      <Filter>optimizer</Filter>
    </ClInclude>
    <ClInclude Include="executor\executor.h">
      <Filter>executor</Filter>
    </ClInclude>
    <ClInclude Include="RECORD.h">
      <Filter>头文件</Filter>
    </ClInclude>
    <ClInclude Include="optimizer\estimator.h">
      <Filter>optimizer</Filter>
    </ClInclude>
    <ClInclude Include="optimizer\DP_Link_Order_Affirmant.h">
      <Filter>optimizer</Filter>
    </ClInclude>
    <ClInclude Include="optimizer\Link_Order_Affirmant.h">
      <Filter>optimizer</Filter>
    </ClInclude>
    <ClInclude Include="optimizer\PSO_Link_Order_Affirmant.h">
      <Filter>optimizer</Filter>
    </ClInclude>
    <ClInclude Include="resource.h">
      <Filter>头文件</Filter>
    </ClInclude>
    <ClInclude Include="Exclusive_Lock.h">
      <Filter>头文件</Filter>
    </ClInclude>
    <ClInclude Include="transaction\Exclusive_Lock.h">
      <Filter>transaction</Filter>
    </ClInclude>
    <ClInclude Include="transaction\Lock.h">
      <Filter>transaction</Filter>
    </ClInclude>
    <ClInclude Include="transaction\Log.h">
      <Filter>transaction</Filter>
    </ClInclude>
    <ClInclude Include="transaction\Log_Manager.h">
      <Filter>transaction</Filter>
    </ClInclude>
    <ClInclude Include="transaction\Redo_Log.h">
      <Filter>transaction</Filter>
    </ClInclude>
    <ClInclude Include="transaction\Shared_Lock.h">
      <Filter>transaction</Filter>
    </ClInclude>
    <ClInclude Include="transaction\Transaction.h">
      <Filter>transaction</Filter>
    </ClInclude>
    <ClInclude Include="transaction\Transaction_Manager.h">
      <Filter>transaction</Filter>
    </ClInclude>
    <ClInclude Include="transaction\Undo_Log.h">
      <Filter>transaction</Filter>
    </ClInclude>
    <ClInclude Include="executor\Linker.h">
      <Filter>executor</Filter>
    </ClInclude>
    <ClInclude Include="optimizer\Logical_Tree_Builder.h">
      <Filter>optimizer</Filter>
    </ClInclude>
    <ClInclude Include="executor\Query_Executor.h">
      <Filter>executor</Filter>
    </ClInclude>
  </ItemGroup>
  <ItemGroup>
    <ClCompile Include="Subsystem1.cpp">
      <Filter>源文件</Filter>
    </ClCompile>
    <ClCompile Include="global.cpp">
      <Filter>源文件</Filter>
    </ClCompile>
    <ClCompile Include="parser\parser.cpp">
      <Filter>parser</Filter>
    </ClCompile>
    <ClCompile Include="parser\parser_interp.cpp">
      <Filter>parser</Filter>
    </ClCompile>
    <ClCompile Include="parser\parser_lexer.cpp">
      <Filter>parser</Filter>
    </ClCompile>
    <ClCompile Include="parser\parser_node.cpp">
      <Filter>parser</Filter>
    </ClCompile>
    <ClCompile Include="parser\parser_scan.cpp">
      <Filter>parser</Filter>
    </ClCompile>
    <ClCompile Include="parser\parser_syntaxtree.cpp">
      <Filter>parser</Filter>
    </ClCompile>
    <ClCompile Include="parser\parser_token.cpp">
      <Filter>parser</Filter>
    </ClCompile>
    <ClCompile Include="main.cpp">
      <Filter>源文件</Filter>
    </ClCompile>
    <ClCompile Include="optimizer\optimizer.cpp">
      <Filter>optimizer</Filter>
    </ClCompile>
    <ClCompile Include="executor\executor.cpp">
      <Filter>executor</Filter>
    </ClCompile>
    <ClCompile Include="RECORD.cpp">
      <Filter>源文件</Filter>
    </ClCompile>
    <ClCompile Include="optimizer\estimator.cpp">
      <Filter>optimizer</Filter>
    </ClCompile>
    <ClCompile Include="optimizer\DP_Link_Order_Affirmant.cpp">
      <Filter>optimizer</Filter>
    </ClCompile>
    <ClCompile Include="optimizer\Link_Order_Affirmant.cpp">
      <Filter>optimizer</Filter>
    </ClCompile>
    <ClCompile Include="optimizer\PSO_Link_Order_Affirmant.cpp">
      <Filter>optimizer</Filter>
    </ClCompile>
    <ClCompile Include="transaction\Exclusive_Lock.cpp">
      <Filter>transaction</Filter>
    </ClCompile>
    <ClCompile Include="transaction\Lock.cpp">
      <Filter>transaction</Filter>
    </ClCompile>
    <ClCompile Include="transaction\Log.cpp">
      <Filter>transaction</Filter>
    </ClCompile>
    <ClCompile Include="transaction\Log_Manager.cpp">
      <Filter>transaction</Filter>
    </ClCompile>
    <ClCompile Include="transaction\Redo_Log.cpp">
      <Filter>transaction</Filter>
    </ClCompile>
    <ClCompile Include="transaction\Shared_Lock.cpp">
      <Filter>transaction</Filter>
    </ClCompile>
    <ClCompile Include="transaction\Transaction.cpp">
      <Filter>transaction</Filter>
    </ClCompile>
    <ClCompile Include="transaction\Transaction_Manager.cpp">
      <Filter>transaction</Filter>
    </ClCompile>
    <ClCompile Include="transaction\Undo_Log.cpp">
      <Filter>transaction</Filter>
    </ClCompile>
    <ClCompile Include="executor\Linker.cpp">
      <Filter>executor</Filter>
    </ClCompile>
    <ClCompile Include="optimizer\Logical_Tree_Builder.cpp">
      <Filter>optimizer</Filter>
    </ClCompile>
    <ClCompile Include="executor\Query_Executor.cpp">
      <Filter>executor</Filter>
    </ClCompile>
  </ItemGroup>
  <ItemGroup>
    <ResourceCompile Include="SQL_DB.rc">
      <Filter>资源文件</Filter>
    </ResourceCompile>
  </ItemGroup>
  <ItemGroup>
    <None Include="ClassDiagram.cd" />
  </ItemGroup>
</Project>